PODS:
  - Alamofire (5.10.1)
  - JDStatusBarNotification (2.2.2)
  - KakaJSON (1.1.2)
  - Kingfisher (8.1.0)
  - Lantern (1.1.5)
  - lottie-ios (4.5.0)
  - Moya (15.0.0):
    - Moya/Core (= 15.0.0)
  - Moya/Combine (15.0.0):
    - Moya/Core
  - Moya/Core (15.0.0):
    - Alamofire (~> 5.0)
  - PanModal (1.2.7)
  - SPAlert (5.1.8)
  - SwifterSwift (7.0.0):
    - SwifterSwift/AppKit (= 7.0.0)
    - SwifterSwift/CoreAnimation (= 7.0.0)
    - SwifterSwift/CoreGraphics (= 7.0.0)
    - SwifterSwift/CoreLocation (= 7.0.0)
    - SwifterSwift/CryptoKit (= 7.0.0)
    - SwifterSwift/Dispatch (= 7.0.0)
    - SwifterSwift/Foundation (= 7.0.0)
    - SwifterSwift/HealthKit (= 7.0.0)
    - SwifterSwift/MapKit (= 7.0.0)
    - SwifterSwift/SceneKit (= 7.0.0)
    - SwifterSwift/SpriteKit (= 7.0.0)
    - SwifterSwift/StoreKit (= 7.0.0)
    - SwifterSwift/SwiftStdlib (= 7.0.0)
    - SwifterSwift/UIKit (= 7.0.0)
    - SwifterSwift/WebKit (= 7.0.0)
  - SwifterSwift/AppKit (7.0.0)
  - SwifterSwift/CoreAnimation (7.0.0)
  - SwifterSwift/CoreGraphics (7.0.0)
  - SwifterSwift/CoreLocation (7.0.0)
  - SwifterSwift/CryptoKit (7.0.0)
  - SwifterSwift/Dispatch (7.0.0)
  - SwifterSwift/Foundation (7.0.0)
  - SwifterSwift/HealthKit (7.0.0)
  - SwifterSwift/MapKit (7.0.0)
  - SwifterSwift/SceneKit (7.0.0)
  - SwifterSwift/SpriteKit (7.0.0)
  - SwifterSwift/StoreKit (7.0.0)
  - SwifterSwift/SwiftStdlib (7.0.0)
  - SwifterSwift/UIKit (7.0.0)
  - SwifterSwift/WebKit (7.0.0)
  - SwiftUIIntrospect (1.3.0)
  - SwiftyJSON (5.0.2)
  - Tagly (0.1.1)

DEPENDENCIES:
  - JDStatusBarNotification
  - KakaJSON
  - Kingfisher
  - Lantern
  - lottie-ios
  - Moya (~> 15.0)
  - Moya/Combine (~> 15.0)
  - PanModal
  - SPAlert
  - SwifterSwift
  - SwiftUIIntrospect
  - SwiftyJSON
  - Tagly

SPEC REPOS:
  trunk:
    - Alamofire
    - JDStatusBarNotification
    - KakaJSON
    - Kingfisher
    - Lantern
    - lottie-ios
    - Moya
    - PanModal
    - SPAlert
    - SwifterSwift
    - SwiftUIIntrospect
    - SwiftyJSON
    - Tagly

SPEC CHECKSUMS:
  Alamofire: 840d2a1ad82355b536ec6ba5f97e5bfa54600ca3
  JDStatusBarNotification: 329fe1ab34808f865b8d1cb4dae3c8aff2695002
  KakaJSON: cc5ff50a8c1cfbb09413db8496cb709a209e6137
  Kingfisher: dfbf20b6249ed4ef6f18d6a96c847bce860bdb95
  Lantern: b192e7146c6d04e15e627f37281254a6a8593703
  lottie-ios: a881093fab623c467d3bce374367755c272bdd59
  Moya: 138f0573e53411fb3dc17016add0b748dfbd78ee
  PanModal: 3e16ead1a907fb06f4df3f13492fd00149fa4974
  SPAlert: 7027ed9df9a2ba8202cab39fd05b53e110f48a99
  SwifterSwift: e9caf990fc72e835432280755d1f4c43f2a483d5
  SwiftUIIntrospect: fee9aa07293ee280373a591e1824e8ddc869ba5d
  SwiftyJSON: f5b1bf1cd8dd53cd25887ac0eabcfd92301c6a5a
  Tagly: deb459c698853a3fffce027fedb92dcb7cf5c68e

PODFILE CHECKSUM: d382b3fc40cf54fd19e98c35b689b4847836d135

COCOAPODS: 1.16.2
